
Microsoft Visual Studio Solution File, Format Version 12.00
# Visual Studio Version 17
VisualStudioVersion = 17.0.31903.59
MinimumVisualStudioVersion = 10.0.40219.1
Project("{FAE04EC0-301F-11D3-BF4B-00C04F79EFBC}") = "API", "API\API.csproj", "{2015261F-EDEA-4386-B38E-1DD5908BEA5C}"
EndProject
Project("{FAE04EC0-301F-11D3-BF4B-00C04F79EFBC}") = "Application", "Application\Application.csproj", "{ABAECAAA-2CCE-4296-AAB9-E7541F246D17}"
EndProject
Project("{FAE04EC0-301F-11D3-BF4B-00C04F79EFBC}") = "Persistence", "Persistence\Persistence.csproj", "{CABD6D50-F93A-4F8C-8711-207C6EFDE982}"
EndProject
Project("{FAE04EC0-301F-11D3-BF4B-00C04F79EFBC}") = "Domain", "Domain\Domain.csproj", "{A890D907-793C-4217-AA5F-9DBF4EBEE4E5}"
EndProject
Project("{FAE04EC0-301F-11D3-BF4B-00C04F79EFBC}") = "Infrastructure", "Infrastructure\Infrastructure.csproj", "{CA8AF32A-2ACE-45D9-B77D-EAF911BE1DAF}"
EndProject
Global
	GlobalSection(SolutionConfigurationPlatforms) = preSolution
		Debug|Any CPU = Debug|Any CPU
		Release|Any CPU = Release|Any CPU
	EndGlobalSection
	GlobalSection(SolutionProperties) = preSolution
		HideSolutionNode = FALSE
	EndGlobalSection
	GlobalSection(ProjectConfigurationPlatforms) = postSolution
		{2015261F-EDEA-4386-B38E-1DD5908BEA5C}.Debug|Any CPU.ActiveCfg = Debug|Any CPU
		{2015261F-EDEA-4386-B38E-1DD5908BEA5C}.Debug|Any CPU.Build.0 = Debug|Any CPU
		{2015261F-EDEA-4386-B38E-1DD5908BEA5C}.Release|Any CPU.ActiveCfg = Release|Any CPU
		{2015261F-EDEA-4386-B38E-1DD5908BEA5C}.Release|Any CPU.Build.0 = Release|Any CPU
		{ABAECAAA-2CCE-4296-AAB9-E7541F246D17}.Debug|Any CPU.ActiveCfg = Debug|Any CPU
		{ABAECAAA-2CCE-4296-AAB9-E7541F246D17}.Debug|Any CPU.Build.0 = Debug|Any CPU
		{ABAECAAA-2CCE-4296-AAB9-E7541F246D17}.Release|Any CPU.ActiveCfg = Release|Any CPU
		{ABAECAAA-2CCE-4296-AAB9-E7541F246D17}.Release|Any CPU.Build.0 = Release|Any CPU
		{CABD6D50-F93A-4F8C-8711-207C6EFDE982}.Debug|Any CPU.ActiveCfg = Debug|Any CPU
		{CABD6D50-F93A-4F8C-8711-207C6EFDE982}.Debug|Any CPU.Build.0 = Debug|Any CPU
		{CABD6D50-F93A-4F8C-8711-207C6EFDE982}.Release|Any CPU.ActiveCfg = Release|Any CPU
		{CABD6D50-F93A-4F8C-8711-207C6EFDE982}.Release|Any CPU.Build.0 = Release|Any CPU
		{A890D907-793C-4217-AA5F-9DBF4EBEE4E5}.Debug|Any CPU.ActiveCfg = Debug|Any CPU
		{A890D907-793C-4217-AA5F-9DBF4EBEE4E5}.Debug|Any CPU.Build.0 = Debug|Any CPU
		{A890D907-793C-4217-AA5F-9DBF4EBEE4E5}.Release|Any CPU.ActiveCfg = Release|Any CPU
		{A890D907-793C-4217-AA5F-9DBF4EBEE4E5}.Release|Any CPU.Build.0 = Release|Any CPU
		{CA8AF32A-2ACE-45D9-B77D-EAF911BE1DAF}.Debug|Any CPU.ActiveCfg = Debug|Any CPU
		{CA8AF32A-2ACE-45D9-B77D-EAF911BE1DAF}.Debug|Any CPU.Build.0 = Debug|Any CPU
		{CA8AF32A-2ACE-45D9-B77D-EAF911BE1DAF}.Release|Any CPU.ActiveCfg = Release|Any CPU
		{CA8AF32A-2ACE-45D9-B77D-EAF911BE1DAF}.Release|Any CPU.Build.0 = Release|Any CPU
	EndGlobalSection
EndGlobal
